// !$*UTF8*$!
{
	archiveVersion = 1;
	classes = {
	};
	objectVersion = 50;
	objects = {

/* Begin PBXBuildFile section */
		6CA369FE2201961F0044AF63 /* AppDelegate.swift in Sources */ = {isa = PBXBuildFile; fileRef = 6CA369FD2201961F0044AF63 /* AppDelegate.swift */; };
		6CA36A002201961F0044AF63 /* ViewController.swift in Sources */ = {isa = PBXBuildFile; fileRef = 6CA369FF2201961F0044AF63 /* ViewController.swift */; };
		6CA36A032201961F0044AF63 /* Main.storyboard in Resources */ = {isa = PBXBuildFile; fileRef = 6CA36A012201961F0044AF63 /* Main.storyboard */; };
		6CA36A05220196200044AF63 /* Assets.xcassets in Resources */ = {isa = PBXBuildFile; fileRef = 6CA36A04220196200044AF63 /* Assets.xcassets */; };
		6CA36A08220196200044AF63 /* LaunchScreen.storyboard in Resources */ = {isa = PBXBuildFile; fileRef = 6CA36A06220196200044AF63 /* LaunchScreen.storyboard */; };
		6CA36A13220196200044AF63 /* FixDemoTests.swift in Sources */ = {isa = PBXBuildFile; fileRef = 6CA36A12220196200044AF63 /* FixDemoTests.swift */; };
		6CA36A1E220196200044AF63 /* FixDemoUITests.swift in Sources */ = {isa = PBXBuildFile; fileRef = 6CA36A1D220196200044AF63 /* FixDemoUITests.swift */; };
		6CA36A2D220196390044AF63 /* Fix.framework in Frameworks */ = {isa = PBXBuildFile; fileRef = 6CA36A2C220196390044AF63 /* Fix.framework */; };
/* End PBXBuildFile section */

/* Begin PBXContainerItemProxy section */
		6CA36A0F220196200044AF63 /* PBXContainerItemProxy */ = {
			isa = PBXContainerItemProxy;
			containerPortal = 6CA369F22201961F0044AF63 /* Project object */;
			proxyType = 1;
			remoteGlobalIDString = 6CA369F92201961F0044AF63;
			remoteInfo = FixDemo;
		};
		6CA36A1A220196200044AF63 /* PBXContainerItemProxy */ = {
			isa = PBXContainerItemProxy;
			containerPortal = 6CA369F22201961F0044AF63 /* Project object */;
			proxyType = 1;
			remoteGlobalIDString = 6CA369F92201961F0044AF63;
			remoteInfo = FixDemo;
		};
/* End PBXContainerItemProxy section */

/* Begin PBXFileReference section */
		6CA369FA2201961F0044AF63 /* FixDemo.app */ = {isa = PBXFileReference; explicitFileType = wrapper.application; includeInIndex = 0; path = FixDemo.app; sourceTree = BUILT_PRODUCTS_DIR; };
		6CA369FD2201961F0044AF63 /* AppDelegate.swift */ = {isa = PBXFileReference; lastKnownFileType = sourcecode.swift; path = AppDelegate.swift; sourceTree = "<group>"; };
		6CA369FF2201961F0044AF63 /* ViewController.swift */ = {isa = PBXFileReference; lastKnownFileType = sourcecode.swift; path = ViewController.swift; sourceTree = "<group>"; };
		6CA36A022201961F0044AF63 /* Base */ = {isa = PBXFileReference; lastKnownFileType = file.storyboard; name = Base; path = Base.lproj/Main.storyboard; sourceTree = "<group>"; };
		6CA36A04220196200044AF63 /* Assets.xcassets */ = {isa = PBXFileReference; lastKnownFileType = folder.assetcatalog; path = Assets.xcassets; sourceTree = "<group>"; };
		6CA36A07220196200044AF63 /* Base */ = {isa = PBXFileReference; lastKnownFileType = file.storyboard; name = Base; path = Base.lproj/LaunchScreen.storyboard; sourceTree = "<group>"; };
		6CA36A09220196200044AF63 /* Info.plist */ = {isa = PBXFileReference; lastKnownFileType = text.plist.xml; path = Info.plist; sourceTree = "<group>"; };
		6CA36A0E220196200044AF63 /* FixDemoTests.xctest */ = {isa = PBXFileReference; explicitFileType = wrapper.cfbundle; includeInIndex = 0; path = FixDemoTests.xctest; sourceTree = BUILT_PRODUCTS_DIR; };
		6CA36A12220196200044AF63 /* FixDemoTests.swift */ = {isa = PBXFileReference; lastKnownFileType = sourcecode.swift; path = FixDemoTests.swift; sourceTree = "<group>"; };
		6CA36A14220196200044AF63 /* Info.plist */ = {isa = PBXFileReference; lastKnownFileType = text.plist.xml; path = Info.plist; sourceTree = "<group>"; };
		6CA36A19220196200044AF63 /* FixDemoUITests.xctest */ = {isa = PBXFileReference; explicitFileType = wrapper.cfbundle; includeInIndex = 0; path = FixDemoUITests.xctest; sourceTree = BUILT_PRODUCTS_DIR; };
		6CA36A1D220196200044AF63 /* FixDemoUITests.swift */ = {isa = PBXFileReference; lastKnownFileType = sourcecode.swift; path = FixDemoUITests.swift; sourceTree = "<group>"; };
		6CA36A1F220196200044AF63 /* Info.plist */ = {isa = PBXFileReference; lastKnownFileType = text.plist.xml; path = Info.plist; sourceTree = "<group>"; };
		6CA36A2C220196390044AF63 /* Fix.framework */ = {isa = PBXFileReference; explicitFileType = wrapper.framework; path = Fix.framework; sourceTree = BUILT_PRODUCTS_DIR; };
/* End PBXFileReference section */

/* Begin PBXFrameworksBuildPhase section */
		6CA369F72201961F0044AF63 /* Frameworks */ = {
			isa = PBXFrameworksBuildPhase;
			buildActionMask = 2147483647;
			files = (
				6CA36A2D220196390044AF63 /* Fix.framework in Frameworks */,
			);
			runOnlyForDeploymentPostprocessing = 0;
		};
		6CA36A0B220196200044AF63 /* Frameworks */ = {
			isa = PBXFrameworksBuildPhase;
			buildActionMask = 2147483647;
			files = (
			);
			runOnlyForDeploymentPostprocessing = 0;
		};
		6CA36A16220196200044AF63 /* Frameworks */ = {
			isa = PBXFrameworksBuildPhase;
			buildActionMask = 2147483647;
			files = (
			);
			runOnlyForDeploymentPostprocessing = 0;
		};
/* End PBXFrameworksBuildPhase section */

/* Begin PBXGroup section */
		6CA369F12201961F0044AF63 = {
			isa = PBXGroup;
			children = (
				6CA369FC2201961F0044AF63 /* FixDemo */,
				6CA36A11220196200044AF63 /* FixDemoTests */,
				6CA36A1C220196200044AF63 /* FixDemoUITests */,
				6CA369FB2201961F0044AF63 /* Products */,
				6CA36A2B220196390044AF63 /* Frameworks */,
			);
			sourceTree = "<group>";
		};
		6CA369FB2201961F0044AF63 /* Products */ = {
			isa = PBXGroup;
			children = (
				6CA369FA2201961F0044AF63 /* FixDemo.app */,
				6CA36A0E220196200044AF63 /* FixDemoTests.xctest */,
				6CA36A19220196200044AF63 /* FixDemoUITests.xctest */,
			);
			name = Products;
			sourceTree = "<group>";
		};
		6CA369FC2201961F0044AF63 /* FixDemo */ = {
			isa = PBXGroup;
			children = (
				6CA369FD2201961F0044AF63 /* AppDelegate.swift */,
				6CA369FF2201961F0044AF63 /* ViewController.swift */,
				6CA36A012201961F0044AF63 /* Main.storyboard */,
				6CA36A04220196200044AF63 /* Assets.xcassets */,
				6CA36A06220196200044AF63 /* LaunchScreen.storyboard */,
				6CA36A09220196200044AF63 /* Info.plist */,
			);
			path = FixDemo;
			sourceTree = "<group>";
		};
		6CA36A11220196200044AF63 /* FixDemoTests */ = {
			isa = PBXGroup;
			children = (
				6CA36A12220196200044AF63 /* FixDemoTests.swift */,
				6CA36A14220196200044AF63 /* Info.plist */,
			);
			path = FixDemoTests;
			sourceTree = "<group>";
		};
		6CA36A1C220196200044AF63 /* FixDemoUITests */ = {
			isa = PBXGroup;
			children = (
				6CA36A1D220196200044AF63 /* FixDemoUITests.swift */,
				6CA36A1F220196200044AF63 /* Info.plist */,
			);
			path = FixDemoUITests;
			sourceTree = "<group>";
		};
		6CA36A2B220196390044AF63 /* Frameworks */ = {
			isa = PBXGroup;
			children = (
				6CA36A2C220196390044AF63 /* Fix.framework */,
			);
			name = Frameworks;
			sourceTree = "<group>";
		};
/* End PBXGroup section */

/* Begin PBXNativeTarget section */
		6CA369F92201961F0044AF63 /* FixDemo */ = {
			isa = PBXNativeTarget;
			buildConfigurationList = 6CA36A22220196200044AF63 /* Build configuration list for PBXNativeTarget "FixDemo" */;
			buildPhases = (
				6CA369F62201961F0044AF63 /* Sources */,
				6CA369F72201961F0044AF63 /* Frameworks */,
				6CA369F82201961F0044AF63 /* Resources */,
			);
			buildRules = (
			);
			dependencies = (
			);
			name = FixDemo;
			productName = FixDemo;
			productReference = 6CA369FA2201961F0044AF63 /* FixDemo.app */;
			productType = "com.apple.product-type.application";
		};
		6CA36A0D220196200044AF63 /* FixDemoTests */ = {
			isa = PBXNativeTarget;
			buildConfigurationList = 6CA36A25220196200044AF63 /* Build configuration list for PBXNativeTarget "FixDemoTests" */;
			buildPhases = (
				6CA36A0A220196200044AF63 /* Sources */,
				6CA36A0B220196200044AF63 /* Frameworks */,
				6CA36A0C220196200044AF63 /* Resources */,
			);
			buildRules = (
			);
			dependencies = (
				6CA36A10220196200044AF63 /* PBXTargetDependency */,
			);
			name = FixDemoTests;
			productName = FixDemoTests;
			productReference = 6CA36A0E220196200044AF63 /* FixDemoTests.xctest */;
			productType = "com.apple.product-type.bundle.unit-test";
		};
		6CA36A18220196200044AF63 /* FixDemoUITests */ = {
			isa = PBXNativeTarget;
			buildConfigurationList = 6CA36A28220196200044AF63 /* Build configuration list for PBXNativeTarget "FixDemoUITests" */;
			buildPhases = (
				6CA36A15220196200044AF63 /* Sources */,
				6CA36A16220196200044AF63 /* Frameworks */,
				6CA36A17220196200044AF63 /* Resources */,
			);
			buildRules = (
			);
			dependencies = (
				6CA36A1B220196200044AF63 /* PBXTargetDependency */,
			);
			name = FixDemoUITests;
			productName = FixDemoUITests;
			productReference = 6CA36A19220196200044AF63 /* FixDemoUITests.xctest */;
			productType = "com.apple.product-type.bundle.ui-testing";
		};
/* End PBXNativeTarget section */

/* Begin PBXProject section */
		6CA369F22201961F0044AF63 /* Project object */ = {
			isa = PBXProject;
			attributes = {
				LastSwiftUpdateCheck = 1010;
				LastUpgradeCheck = 1010;
				ORGANIZATIONNAME = "王渊鸥";
				TargetAttributes = {
					6CA369F92201961F0044AF63 = {
						CreatedOnToolsVersion = 10.1;
					};
					6CA36A0D220196200044AF63 = {
						CreatedOnToolsVersion = 10.1;
						TestTargetID = 6CA369F92201961F0044AF63;
					};
					6CA36A18220196200044AF63 = {
						CreatedOnToolsVersion = 10.1;
						TestTargetID = 6CA369F92201961F0044AF63;
					};
				};
			};
			buildConfigurationList = 6CA369F52201961F0044AF63 /* Build configuration list for PBXProject "FixDemo" */;
			compatibilityVersion = "Xcode 9.3";
			developmentRegion = en;
			hasScannedForEncodings = 0;
			knownRegions = (
				en,
				Base,
			);
			mainGroup = 6CA369F12201961F0044AF63;
			productRefGroup = 6CA369FB2201961F0044AF63 /* Products */;
			projectDirPath = "";
			projectRoot = "";
			targets = (
				6CA369F92201961F0044AF63 /* FixDemo */,
				6CA36A0D220196200044AF63 /* FixDemoTests */,
				6CA36A18220196200044AF63 /* FixDemoUITests */,
			);
		};
/* End PBXProject section */

/* Begin PBXResourcesBuildPhase section */
		6CA369F82201961F0044AF63 /* Resources */ = {
			isa = PBXResourcesBuildPhase;
			buildActionMask = 2147483647;
			files = (
				6CA36A08220196200044AF63 /* LaunchScreen.storyboard in Resources */,
				6CA36A05220196200044AF63 /* Assets.xcassets in Resources */,
				6CA36A032201961F0044AF63 /* Main.storyboard in Resources */,
			);
			runOnlyForDeploymentPostprocessing = 0;
		};
		6CA36A0C220196200044AF63 /* Resources */ = {
			isa = PBXResourcesBuildPhase;
			buildActionMask = 2147483647;
			files = (
			);
			runOnlyForDeploymentPostprocessing = 0;
		};
		6CA36A17220196200044AF63 /* Resources */ = {
			isa = PBXResourcesBuildPhase;
			buildActionMask = 2147483647;
			files = (
			);
			runOnlyForDeploymentPostprocessing = 0;
		};
/* End PBXResourcesBuildPhase section */

/* Begin PBXSourcesBuildPhase section */
		6CA369F62201961F0044AF63 /* Sources */ = {
			isa = PBXSourcesBuildPhase;
			buildActionMask = 2147483647;
			files = (
				6CA36A002201961F0044AF63 /* ViewController.swift in Sources */,
				6CA369FE2201961F0044AF63 /* AppDelegate.swift in Sources */,
			);
			runOnlyForDeploymentPostprocessing = 0;
		};
		6CA36A0A220196200044AF63 /* Sources */ = {
			isa = PBXSourcesBuildPhase;
			buildActionMask = 2147483647;
			files = (
				6CA36A13220196200044AF63 /* FixDemoTests.swift in Sources */,
			);
			runOnlyForDeploymentPostprocessing = 0;
		};
		6CA36A15220196200044AF63 /* Sources */ = {
			isa = PBXSourcesBuildPhase;
			buildActionMask = 2147483647;
			files = (
				6CA36A1E220196200044AF63 /* FixDemoUITests.swift in Sources */,
			);
			runOnlyForDeploymentPostprocessing = 0;
		};
/* End PBXSourcesBuildPhase section */

/* Begin PBXTargetDependency section */
		6CA36A10220196200044AF63 /* PBXTargetDependency */ = {
			isa = PBXTargetDependency;
			target = 6CA369F92201961F0044AF63 /* FixDemo */;
			targetProxy = 6CA36A0F220196200044AF63 /* PBXContainerItemProxy */;
		};
		6CA36A1B220196200044AF63 /* PBXTargetDependency */ = {
			isa = PBXTargetDependency;
			target = 6CA369F92201961F0044AF63 /* FixDemo */;
			targetProxy = 6CA36A1A220196200044AF63 /* PBXContainerItemProxy */;
		};
/* End PBXTargetDependency section */

/* Begin PBXVariantGroup section */
		6CA36A012201961F0044AF63 /* Main.storyboard */ = {
			isa = PBXVariantGroup;
			children = (
				6CA36A022201961F0044AF63 /* Base */,
			);
			name = Main.storyboard;
			sourceTree = "<group>";
		};
		6CA36A06220196200044AF63 /* LaunchScreen.storyboard */ = {
			isa = PBXVariantGroup;
			children = (
				6CA36A07220196200044AF63 /* Base */,
			);
			name = LaunchScreen.storyboard;
			sourceTree = "<group>";
		};
/* End PBXVariantGroup section */

/* Begin XCBuildConfiguration section */
		6CA36A20220196200044AF63 /* Debug */ = {
			isa = XCBuildConfiguration;
			buildSettings = {
				ALWAYS_SEARCH_USER_PATHS = NO;
				CLANG_ANALYZER_NONNULL = YES;
				CLANG_ANALYZER_NUMBER_OBJECT_CONVERSION = YES_AGGRESSIVE;
				CLANG_CXX_LANGUAGE_STANDARD = "gnu++14";
				CLANG_CXX_LIBRARY = "libc++";
				CLANG_ENABLE_MODULES = YES;
				CLANG_ENABLE_OBJC_ARC = YES;
				CLANG_ENABLE_OBJC_WEAK = YES;
				CLANG_WARN_BLOCK_CAPTURE_AUTORELEASING = YES;
				CLANG_WARN_BOOL_CONVERSION = YES;
				CLANG_WARN_COMMA = YES;
				CLANG_WARN_CONSTANT_CONVERSION = YES;
				CLANG_WARN_DEPRECATED_OBJC_IMPLEMENTATIONS = YES;
				CLANG_WARN_DIRECT_OBJC_ISA_USAGE = YES_ERROR;
				CLANG_WARN_DOCUMENTATION_COMMENTS = YES;
				CLANG_WARN_EMPTY_BODY = YES;
				CLANG_WARN_ENUM_CONVERSION = YES;
				CLANG_WARN_INFINITE_RECURSION = YES;
				CLANG_WARN_INT_CONVERSION = YES;
				CLANG_WARN_NON_LITERAL_NULL_CONVERSION = YES;
				CLANG_WARN_OBJC_IMPLICIT_RETAIN_SELF = YES;
				CLANG_WARN_OBJC_LITERAL_CONVERSION = YES;
				CLANG_WARN_OBJC_ROOT_CLASS = YES_ERROR;
				CLANG_WARN_RANGE_LOOP_ANALYSIS = YES;
				CLANG_WARN_STRICT_PROTOTYPES = YES;
				CLANG_WARN_SUSPICIOUS_MOVE = YES;
				CLANG_WARN_UNGUARDED_AVAILABILITY = YES_AGGRESSIVE;
				CLANG_WARN_UNREACHABLE_CODE = YES;
				CLANG_WARN__DUPLICATE_METHOD_MATCH = YES;
				CODE_SIGN_IDENTITY = "iPhone Developer";
				COPY_PHASE_STRIP = NO;
				DEBUG_INFORMATION_FORMAT = dwarf;
				ENABLE_STRICT_OBJC_MSGSEND = YES;
				ENABLE_TESTABILITY = YES;
				GCC_C_LANGUAGE_STANDARD = gnu11;
				GCC_DYNAMIC_NO_PIC = NO;
				GCC_NO_COMMON_BLOCKS = YES;
				GCC_OPTIMIZATION_LEVEL = 0;
				GCC_PREPROCESSOR_DEFINITIONS = (
					"DEBUG=1",
					"$(inherited)",
				);
				GCC_WARN_64_TO_32_BIT_CONVERSION = YES;
				GCC_WARN_ABOUT_RETURN_TYPE = YES_ERROR;
				GCC_WARN_UNDECLARED_SELECTOR = YES;
				GCC_WARN_UNINITIALIZED_AUTOS = YES_AGGRESSIVE;
				GCC_WARN_UNUSED_FUNCTION = YES;
				GCC_WARN_UNUSED_VARIABLE = YES;
				IPHONEOS_DEPLOYMENT_TARGET = 12.1;
				MTL_ENABLE_DEBUG_INFO = INCLUDE_SOURCE;
				MTL_FAST_MATH = YES;
				ONLY_ACTIVE_ARCH = YES;
				SDKROOT = iphoneos;
				SWIFT_ACTIVE_COMPILATION_CONDITIONS = DEBUG;
				SWIFT_OPTIMIZATION_LEVEL = "-Onone";
			};
			name = Debug;
		};
		6CA36A21220196200044AF63 /* Release */ = {
			isa = XCBuildConfiguration;
			buildSettings = {
				ALWAYS_SEARCH_USER_PATHS = NO;
				CLANG_ANALYZER_NONNULL = YES;
				CLANG_ANALYZER_NUMBER_OBJECT_CONVERSION = YES_AGGRESSIVE;
				CLANG_CXX_LANGUAGE_STANDARD = "gnu++14";
				CLANG_CXX_LIBRARY = "libc++";
				CLANG_ENABLE_MODULES = YES;
				CLANG_ENABLE_OBJC_ARC = YES;
				CLANG_ENABLE_OBJC_WEAK = YES;
				CLANG_WARN_BLOCK_CAPTURE_AUTORELEASING = YES;
				CLANG_WARN_BOOL_CONVERSION = YES;
				CLANG_WARN_COMMA = YES;
				CLANG_WARN_CONSTANT_CONVERSION = YES;
				CLANG_WARN_DEPRECATED_OBJC_IMPLEMENTATIONS = YES;
				CLANG_WARN_DIRECT_OBJC_ISA_USAGE = YES_ERROR;
				CLANG_WARN_DOCUMENTATION_COMMENTS = YES;
				CLANG_WARN_EMPTY_BODY = YES;
				CLANG_WARN_ENUM_CONVERSION = YES;
				CLANG_WARN_INFINITE_RECURSION = YES;
				CLANG_WARN_INT_CONVERSION = YES;
				CLANG_WARN_NON_LITERAL_NULL_CONVERSION = YES;
				CLANG_WARN_OBJC_IMPLICIT_RETAIN_SELF = YES;
				CLANG_WARN_OBJC_LITERAL_CONVERSION = YES;
				CLANG_WARN_OBJC_ROOT_CLASS = YES_ERROR;
				CLANG_WARN_RANGE_LOOP_ANALYSIS = YES;
				CLANG_WARN_STRICT_PROTOTYPES = YES;
				CLANG_WARN_SUSPICIOUS_MOVE = YES;
				CLANG_WARN_UNGUARDED_AVAILABILITY = YES_AGGRESSIVE;
				CLANG_WARN_UNREACHABLE_CODE = YES;
				CLANG_WARN__DUPLICATE_METHOD_MATCH = YES;
				CODE_SIGN_IDENTITY = "iPhone Developer";
				COPY_PHASE_STRIP = NO;
				DEBUG_INFORMATION_FORMAT = "dwarf-with-dsym";
				ENABLE_NS_ASSERTIONS = NO;
				ENABLE_STRICT_OBJC_MSGSEND = YES;
				GCC_C_LANGUAGE_STANDARD = gnu11;
				GCC_NO_COMMON_BLOCKS = YES;
				GCC_WARN_64_TO_32_BIT_CONVERSION = YES;
				GCC_WARN_ABOUT_RETURN_TYPE = YES_ERROR;
				GCC_WARN_UNDECLARED_SELECTOR = YES;
				GCC_WARN_UNINITIALIZED_AUTOS = YES_AGGRESSIVE;
				GCC_WARN_UNUSED_FUNCTION = YES;
				GCC_WARN_UNUSED_VARIABLE = YES;
				IPHONEOS_DEPLOYMENT_TARGET = 12.1;
				MTL_ENABLE_DEBUG_INFO = NO;
				MTL_FAST_MATH = YES;
				SDKROOT = iphoneos;
				SWIFT_COMPILATION_MODE = wholemodule;
				SWIFT_OPTIMIZATION_LEVEL = "-O";
				VALIDATE_PRODUCT = YES;
			};
			name = Release;
		};
		6CA36A23220196200044AF63 /* Debug */ = {
			isa = XCBuildConfiguration;
			buildSettings = {
				ASSETCATALOG_COMPILER_APPICON_NAME = AppIcon;
				CODE_SIGN_STYLE = Automatic;
				DEVELOPMENT_TEAM = 54B56XXLVZ;
				INFOPLIST_FILE = FixDemo/Info.plist;
				LD_RUNPATH_SEARCH_PATHS = (
					"$(inherited)",
					"@executable_path/Frameworks",
				);
				PRODUCT_BUNDLE_IDENTIFIER = clstd.FixDemo;
				PRODUCT_NAME = "$(TARGET_NAME)";
				SWIFT_VERSION = 4.2;
				TARGETED_DEVICE_FAMILY = "1,2";
			};
			name = Debug;
		};
		6CA36A24220196200044AF63 /* Release */ = {
			isa = XCBuildConfiguration;
			buildSettings = {
				ASSETCATALOG_COMPILER_APPICON_NAME = AppIcon;
				CODE_SIGN_STYLE = Automatic;
				DEVELOPMENT_TEAM = 54B56XXLVZ;
				INFOPLIST_FILE = FixDemo/Info.plist;
				LD_RUNPATH_SEARCH_PATHS = (
					"$(inherited)",
					"@executable_path/Frameworks",
				);
				PRODUCT_BUNDLE_IDENTIFIER = clstd.FixDemo;
				PRODUCT_NAME = "$(TARGET_NAME)";
				SWIFT_VERSION = 4.2;
				TARGETED_DEVICE_FAMILY = "1,2";
			};
			name = Release;
		};
		6CA36A26220196200044AF63 /* Debug */ = {
			isa = XCBuildConfiguration;
			buildSettings = {
				ALWAYS_EMBED_SWIFT_STANDARD_LIBRARIES = YES;
				BUNDLE_LOADER = "$(TEST_HOST)";
				CODE_SIGN_STYLE = Automatic;
				DEVELOPMENT_TEAM = 54B56XXLVZ;
				INFOPLIST_FILE = FixDemoTests/Info.plist;
				LD_RUNPATH_SEARCH_PATHS = (
					"$(inherited)",
					"@executable_path/Frameworks",
					"@loader_path/Frameworks",
				);
				PRODUCT_BUNDLE_IDENTIFIER = clstd.FixDemoTests;
				PRODUCT_NAME = "$(TARGET_NAME)";
				SWIFT_VERSION = 4.2;
				TARGETED_DEVICE_FAMILY = "1,2";
				TEST_HOST = "$(BUILT_PRODUCTS_DIR)/FixDemo.app/FixDemo";
			};
			name = Debug;
		};
		6CA36A27220196200044AF63 /* Release */ = {
			isa = XCBuildConfiguration;
			buildSettings = {
				ALWAYS_EMBED_SWIFT_STANDARD_LIBRARIES = YES;
				BUNDLE_LOADER = "$(TEST_HOST)";
				CODE_SIGN_STYLE = Automatic;
				DEVELOPMENT_TEAM = 54B56XXLVZ;
				INFOPLIST_FILE = FixDemoTests/Info.plist;
				LD_RUNPATH_SEARCH_PATHS = (
					"$(inherited)",
					"@executable_path/Frameworks",
					"@loader_path/Frameworks",
				);
				PRODUCT_BUNDLE_IDENTIFIER = clstd.FixDemoTests;
				PRODUCT_NAME = "$(TARGET_NAME)";
				SWIFT_VERSION = 4.2;
				TARGETED_DEVICE_FAMILY = "1,2";
				TEST_HOST = "$(BUILT_PRODUCTS_DIR)/FixDemo.app/FixDemo";
			};
			name = Release;
		};
		6CA36A29220196200044AF63 /* Debug */ = {
			isa = XCBuildConfiguration;
			buildSettings = {
				ALWAYS_EMBED_SWIFT_STANDARD_LIBRARIES = YES;
				CODE_SIGN_STYLE = Automatic;
				DEVELOPMENT_TEAM = 54B56XXLVZ;
				INFOPLIST_FILE = FixDemoUITests/Info.plist;
				LD_RUNPATH_SEARCH_PATHS = (
					"$(inherited)",
					"@executable_path/Frameworks",
					"@loader_path/Frameworks",
				);
				PRODUCT_BUNDLE_IDENTIFIER = clstd.FixDemoUITests;
				PRODUCT_NAME = "$(TARGET_NAME)";
				SWIFT_VERSION = 4.2;
				TARGETED_DEVICE_FAMILY = "1,2";
				TEST_TARGET_NAME = FixDemo;
			};
			name = Debug;
		};
		6CA36A2A220196200044AF63 /* Release */ = {
			isa = XCBuildConfiguration;
			buildSettings = {
				ALWAYS_EMBED_SWIFT_STANDARD_LIBRARIES = YES;
				CODE_SIGN_STYLE = Automatic;
				DEVELOPMENT_TEAM = 54B56XXLVZ;
				INFOPLIST_FILE = FixDemoUITests/Info.plist;
				LD_RUNPATH_SEARCH_PATHS = (
					"$(inherited)",
					"@executable_path/Frameworks",
					"@loader_path/Frameworks",
				);
				PRODUCT_BUNDLE_IDENTIFIER = clstd.FixDemoUITests;
				PRODUCT_NAME = "$(TARGET_NAME)";
				SWIFT_VERSION = 4.2;
				TARGETED_DEVICE_FAMILY = "1,2";
				TEST_TARGET_NAME = FixDemo;
			};
			name = Release;
		};
/* End XCBuildConfiguration section */

/* Begin XCConfigurationList section */
		6CA369F52201961F0044AF63 /* Build configuration list for PBXProject "FixDemo" */ = {
			isa = XCConfigurationList;
			buildConfigurations = (
				6CA36A20220196200044AF63 /* Debug */,
				6CA36A21220196200044AF63 /* Release */,
			);
			defaultConfigurationIsVisible = 0;
			defaultConfigurationName = Release;
		};
		6CA36A22220196200044AF63 /* Build configuration list for PBXNativeTarget "FixDemo" */ = {
			isa = XCConfigurationList;
			buildConfigurations = (
				6CA36A23220196200044AF63 /* Debug */,
				6CA36A24220196200044AF63 /* Release */,
			);
			defaultConfigurationIsVisible = 0;
			defaultConfigurationName = Release;
		};
		6CA36A25220196200044AF63 /* Build configuration list for PBXNativeTarget "FixDemoTests" */ = {
			isa = XCConfigurationList;
			buildConfigurations = (
				6CA36A26220196200044AF63 /* Debug */,
				6CA36A27220196200044AF63 /* Release */,
			);
			defaultConfigurationIsVisible = 0;
			defaultConfigurationName = Release;
		};
		6CA36A28220196200044AF63 /* Build configuration list for PBXNativeTarget "FixDemoUITests" */ = {
			isa = XCConfigurationList;
			buildConfigurations = (
				6CA36A29220196200044AF63 /* Debug */,
				6CA36A2A220196200044AF63 /* Release */,
			);
			defaultConfigurationIsVisible = 0;
			defaultConfigurationName = Release;
		};
/* End XCConfigurationList section */
	};
	rootObject = 6CA369F22201961F0044AF63 /* Project object */;
}
